// !$*UTF8*$!
{
	archiveVersion = 1;
	classes = {
	};
	objectVersion = 55;
	objects = {

/* Begin PBXBuildFile section */
		6E77F8C226B9BECB00C1CD57 /* AppDelegate.swift in Sources */ = {isa = PBXBuildFile; fileRef = 6E77F8C126B9BECB00C1CD57 /* AppDelegate.swift */; };
		6E77F8C426B9BECB00C1CD57 /* SceneDelegate.swift in Sources */ = {isa = PBXBuildFile; fileRef = 6E77F8C326B9BECB00C1CD57 /* SceneDelegate.swift */; };
		6E77F8C626B9BECB00C1CD57 /* ViewController.swift in Sources */ = {isa = PBXBuildFile; fileRef = 6E77F8C526B9BECB00C1CD57 /* ViewController.swift */; };
		6E77F8C926B9BECB00C1CD57 /* Main.storyboard in Resources */ = {isa = PBXBuildFile; fileRef = 6E77F8C726B9BECB00C1CD57 /* Main.storyboard */; };
		6E77F8CC26B9BECB00C1CD57 /* zootopic.xcdatamodeld in Sources */ = {isa = PBXBuildFile; fileRef = 6E77F8CA26B9BECB00C1CD57 /* zootopic.xcdatamodeld */; };
		6E77F8CE26B9BECD00C1CD57 /* Assets.xcassets in Resources */ = {isa = PBXBuildFile; fileRef = 6E77F8CD26B9BECD00C1CD57 /* Assets.xcassets */; };
		6E77F8D126B9BECD00C1CD57 /* LaunchScreen.storyboard in Resources */ = {isa = PBXBuildFile; fileRef = 6E77F8CF26B9BECD00C1CD57 /* LaunchScreen.storyboard */; };
		6E77F8DC26B9BECD00C1CD57 /* zootopicTests.swift in Sources */ = {isa = PBXBuildFile; fileRef = 6E77F8DB26B9BECD00C1CD57 /* zootopicTests.swift */; };
		6E77F8E626B9BECD00C1CD57 /* zootopicUITests.swift in Sources */ = {isa = PBXBuildFile; fileRef = 6E77F8E526B9BECD00C1CD57 /* zootopicUITests.swift */; };
/* End PBXBuildFile section */

/* Begin PBXContainerItemProxy section */
		6E77F8D826B9BECD00C1CD57 /* PBXContainerItemProxy */ = {
			isa = PBXContainerItemProxy;
			containerPortal = 6E77F8B626B9BECB00C1CD57 /* Project object */;
			proxyType = 1;
			remoteGlobalIDString = 6E77F8BD26B9BECB00C1CD57;
			remoteInfo = zootopic;
		};
		6E77F8E226B9BECD00C1CD57 /* PBXContainerItemProxy */ = {
			isa = PBXContainerItemProxy;
			containerPortal = 6E77F8B626B9BECB00C1CD57 /* Project object */;
			proxyType = 1;
			remoteGlobalIDString = 6E77F8BD26B9BECB00C1CD57;
			remoteInfo = zootopic;
		};
/* End PBXContainerItemProxy section */

/* Begin PBXFileReference section */
		6E77F8BE26B9BECB00C1CD57 /* zootopic.app */ = {isa = PBXFileReference; explicitFileType = wrapper.application; includeInIndex = 0; path = zootopic.app; sourceTree = BUILT_PRODUCTS_DIR; };
		6E77F8C126B9BECB00C1CD57 /* AppDelegate.swift */ = {isa = PBXFileReference; lastKnownFileType = sourcecode.swift; path = AppDelegate.swift; sourceTree = "<group>"; };
		6E77F8C326B9BECB00C1CD57 /* SceneDelegate.swift */ = {isa = PBXFileReference; lastKnownFileType = sourcecode.swift; path = SceneDelegate.swift; sourceTree = "<group>"; };
		6E77F8C526B9BECB00C1CD57 /* ViewController.swift */ = {isa = PBXFileReference; lastKnownFileType = sourcecode.swift; path = ViewController.swift; sourceTree = "<group>"; };
		6E77F8C826B9BECB00C1CD57 /* Base */ = {isa = PBXFileReference; lastKnownFileType = file.storyboard; name = Base; path = Base.lproj/Main.storyboard; sourceTree = "<group>"; };
		6E77F8CB26B9BECB00C1CD57 /* zootopic.xcdatamodel */ = {isa = PBXFileReference; lastKnownFileType = wrapper.xcdatamodel; path = zootopic.xcdatamodel; sourceTree = "<group>"; };
		6E77F8CD26B9BECD00C1CD57 /* Assets.xcassets */ = {isa = PBXFileReference; lastKnownFileType = folder.assetcatalog; path = Assets.xcassets; sourceTree = "<group>"; };
		6E77F8D026B9BECD00C1CD57 /* Base */ = {isa = PBXFileReference; lastKnownFileType = file.storyboard; name = Base; path = Base.lproj/LaunchScreen.storyboard; sourceTree = "<group>"; };
		6E77F8D226B9BECD00C1CD57 /* Info.plist */ = {isa = PBXFileReference; lastKnownFileType = text.plist.xml; path = Info.plist; sourceTree = "<group>"; };
		6E77F8D726B9BECD00C1CD57 /* zootopicTests.xctest */ = {isa = PBXFileReference; explicitFileType = wrapper.cfbundle; includeInIndex = 0; path = zootopicTests.xctest; sourceTree = BUILT_PRODUCTS_DIR; };
		6E77F8DB26B9BECD00C1CD57 /* zootopicTests.swift */ = {isa = PBXFileReference; lastKnownFileType = sourcecode.swift; path = zootopicTests.swift; sourceTree = "<group>"; };
		6E77F8E126B9BECD00C1CD57 /* zootopicUITests.xctest */ = {isa = PBXFileReference; explicitFileType = wrapper.cfbundle; includeInIndex = 0; path = zootopicUITests.xctest; sourceTree = BUILT_PRODUCTS_DIR; };
		6E77F8E526B9BECD00C1CD57 /* zootopicUITests.swift */ = {isa = PBXFileReference; lastKnownFileType = sourcecode.swift; path = zootopicUITests.swift; sourceTree = "<group>"; };
/* End PBXFileReference section */

/* Begin PBXFrameworksBuildPhase section */
		6E77F8BB26B9BECB00C1CD57 /* Frameworks */ = {
			isa = PBXFrameworksBuildPhase;
			buildActionMask = 2147483647;
			files = (
			);
			runOnlyForDeploymentPostprocessing = 0;
		};
		6E77F8D426B9BECD00C1CD57 /* Frameworks */ = {
			isa = PBXFrameworksBuildPhase;
			buildActionMask = 2147483647;
			files = (
			);
			runOnlyForDeploymentPostprocessing = 0;
		};
		6E77F8DE26B9BECD00C1CD57 /* Frameworks */ = {
			isa = PBXFrameworksBuildPhase;
			buildActionMask = 2147483647;
			files = (
			);
			runOnlyForDeploymentPostprocessing = 0;
		};
/* End PBXFrameworksBuildPhase section */

/* Begin PBXGroup section */
		6E77F8B526B9BECB00C1CD57 = {
			isa = PBXGroup;
			children = (
				6E77F8C026B9BECB00C1CD57 /* zootopic */,
				6E77F8DA26B9BECD00C1CD57 /* zootopicTests */,
				6E77F8E426B9BECD00C1CD57 /* zootopicUITests */,
				6E77F8BF26B9BECB00C1CD57 /* Products */,
			);
			sourceTree = "<group>";
		};
		6E77F8BF26B9BECB00C1CD57 /* Products */ = {
			isa = PBXGroup;
			children = (
				6E77F8BE26B9BECB00C1CD57 /* zootopic.app */,
				6E77F8D726B9BECD00C1CD57 /* zootopicTests.xctest */,
				6E77F8E126B9BECD00C1CD57 /* zootopicUITests.xctest */,
			);
			name = Products;
			sourceTree = "<group>";
		};
		6E77F8C026B9BECB00C1CD57 /* zootopic */ = {
			isa = PBXGroup;
			children = (
				6E77F8C126B9BECB00C1CD57 /* AppDelegate.swift */,
				6E77F8C326B9BECB00C1CD57 /* SceneDelegate.swift */,
				6E77F8C526B9BECB00C1CD57 /* ViewController.swift */,
				6E77F8C726B9BECB00C1CD57 /* Main.storyboard */,
				6E77F8CD26B9BECD00C1CD57 /* Assets.xcassets */,
				6E77F8CF26B9BECD00C1CD57 /* LaunchScreen.storyboard */,
				6E77F8D226B9BECD00C1CD57 /* Info.plist */,
				6E77F8CA26B9BECB00C1CD57 /* zootopic.xcdatamodeld */,
			);
			path = zootopic;
			sourceTree = "<group>";
		};
		6E77F8DA26B9BECD00C1CD57 /* zootopicTests */ = {
			isa = PBXGroup;
			children = (
				6E77F8DB26B9BECD00C1CD57 /* zootopicTests.swift */,
			);
			path = zootopicTests;
			sourceTree = "<group>";
		};
		6E77F8E426B9BECD00C1CD57 /* zootopicUITests */ = {
			isa = PBXGroup;
			children = (
				6E77F8E526B9BECD00C1CD57 /* zootopicUITests.swift */,
			);
			path = zootopicUITests;
			sourceTree = "<group>";
		};
/* End PBXGroup section */

/* Begin PBXNativeTarget section */
		6E77F8BD26B9BECB00C1CD57 /* zootopic */ = {
			isa = PBXNativeTarget;
			buildConfigurationList = 6E77F8E926B9BECD00C1CD57 /* Build configuration list for PBXNativeTarget "zootopic" */;
			buildPhases = (
				6E77F8BA26B9BECB00C1CD57 /* Sources */,
				6E77F8BB26B9BECB00C1CD57 /* Frameworks */,
				6E77F8BC26B9BECB00C1CD57 /* Resources */,
			);
			buildRules = (
			);
			dependencies = (
			);
			name = zootopic;
			productName = zootopic;
			productReference = 6E77F8BE26B9BECB00C1CD57 /* zootopic.app */;
			productType = "com.apple.product-type.application";
		};
		6E77F8D626B9BECD00C1CD57 /* zootopicTests */ = {
			isa = PBXNativeTarget;
			buildConfigurationList = 6E77F8EC26B9BECD00C1CD57 /* Build configuration list for PBXNativeTarget "zootopicTests" */;
			buildPhases = (
				6E77F8D326B9BECD00C1CD57 /* Sources */,
				6E77F8D426B9BECD00C1CD57 /* Frameworks */,
				6E77F8D526B9BECD00C1CD57 /* Resources */,
			);
			buildRules = (
			);
			dependencies = (
				6E77F8D926B9BECD00C1CD57 /* PBXTargetDependency */,
			);
			name = zootopicTests;
			productName = zootopicTests;
			productReference = 6E77F8D726B9BECD00C1CD57 /* zootopicTests.xctest */;
			productType = "com.apple.product-type.bundle.unit-test";
		};
		6E77F8E026B9BECD00C1CD57 /* zootopicUITests */ = {
			isa = PBXNativeTarget;
			buildConfigurationList = 6E77F8EF26B9BECD00C1CD57 /* Build configuration list for PBXNativeTarget "zootopicUITests" */;
			buildPhases = (
				6E77F8DD26B9BECD00C1CD57 /* Sources */,
				6E77F8DE26B9BECD00C1CD57 /* Frameworks */,
				6E77F8DF26B9BECD00C1CD57 /* Resources */,
			);
			buildRules = (
			);
			dependencies = (
				6E77F8E326B9BECD00C1CD57 /* PBXTargetDependency */,
			);
			name = zootopicUITests;
			productName = zootopicUITests;
			productReference = 6E77F8E126B9BECD00C1CD57 /* zootopicUITests.xctest */;
			productType = "com.apple.product-type.bundle.ui-testing";
		};
/* End PBXNativeTarget section */

/* Begin PBXProject section */
		6E77F8B626B9BECB00C1CD57 /* Project object */ = {
			isa = PBXProject;
			attributes = {
				BuildIndependentTargetsInParallel = 1;
				LastSwiftUpdateCheck = 1300;
				LastUpgradeCheck = 1300;
				TargetAttributes = {
					6E77F8BD26B9BECB00C1CD57 = {
						CreatedOnToolsVersion = 13.0;
					};
					6E77F8D626B9BECD00C1CD57 = {
						CreatedOnToolsVersion = 13.0;
						TestTargetID = 6E77F8BD26B9BECB00C1CD57;
					};
					6E77F8E026B9BECD00C1CD57 = {
						CreatedOnToolsVersion = 13.0;
						TestTargetID = 6E77F8BD26B9BECB00C1CD57;
					};
				};
			};
			buildConfigurationList = 6E77F8B926B9BECB00C1CD57 /* Build configuration list for PBXProject "zootopic" */;
			compatibilityVersion = "Xcode 13.0";
			developmentRegion = en;
			hasScannedForEncodings = 0;
			knownRegions = (
				en,
				Base,
			);
			mainGroup = 6E77F8B526B9BECB00C1CD57;
			productRefGroup = 6E77F8BF26B9BECB00C1CD57 /* Products */;
			projectDirPath = "";
			projectRoot = "";
			targets = (
				6E77F8BD26B9BECB00C1CD57 /* zootopic */,
				6E77F8D626B9BECD00C1CD57 /* zootopicTests */,
				6E77F8E026B9BECD00C1CD57 /* zootopicUITests */,
			);
		};
/* End PBXProject section */

/* Begin PBXResourcesBuildPhase section */
		6E77F8BC26B9BECB00C1CD57 /* Resources */ = {
			isa = PBXResourcesBuildPhase;
			buildActionMask = 2147483647;
			files = (
				6E77F8D126B9BECD00C1CD57 /* LaunchScreen.storyboard in Resources */,
				6E77F8CE26B9BECD00C1CD57 /* Assets.xcassets in Resources */,
				6E77F8C926B9BECB00C1CD57 /* Main.storyboard in Resources */,
			);
			runOnlyForDeploymentPostprocessing = 0;
		};
		6E77F8D526B9BECD00C1CD57 /* Resources */ = {
			isa = PBXResourcesBuildPhase;
			buildActionMask = 2147483647;
			files = (
			);
			runOnlyForDeploymentPostprocessing = 0;
		};
		6E77F8DF26B9BECD00C1CD57 /* Resources */ = {
			isa = PBXResourcesBuildPhase;
			buildActionMask = 2147483647;
			files = (
			);
			runOnlyForDeploymentPostprocessing = 0;
		};
/* End PBXResourcesBuildPhase section */

/* Begin PBXSourcesBuildPhase section */
		6E77F8BA26B9BECB00C1CD57 /* Sources */ = {
			isa = PBXSourcesBuildPhase;
			buildActionMask = 2147483647;
			files = (
				6E77F8CC26B9BECB00C1CD57 /* zootopic.xcdatamodeld in Sources */,
				6E77F8C626B9BECB00C1CD57 /* ViewController.swift in Sources */,
				6E77F8C226B9BECB00C1CD57 /* AppDelegate.swift in Sources */,
				6E77F8C426B9BECB00C1CD57 /* SceneDelegate.swift in Sources */,
			);
			runOnlyForDeploymentPostprocessing = 0;
		};
		6E77F8D326B9BECD00C1CD57 /* Sources */ = {
			isa = PBXSourcesBuildPhase;
			buildActionMask = 2147483647;
			files = (
				6E77F8DC26B9BECD00C1CD57 /* zootopicTests.swift in Sources */,
			);
			runOnlyForDeploymentPostprocessing = 0;
		};
		6E77F8DD26B9BECD00C1CD57 /* Sources */ = {
			isa = PBXSourcesBuildPhase;
			buildActionMask = 2147483647;
			files = (
				6E77F8E626B9BECD00C1CD57 /* zootopicUITests.swift in Sources */,
			);
			runOnlyForDeploymentPostprocessing = 0;
		};
/* End PBXSourcesBuildPhase section */

/* Begin PBXTargetDependency section */
		6E77F8D926B9BECD00C1CD57 /* PBXTargetDependency */ = {
			isa = PBXTargetDependency;
			target = 6E77F8BD26B9BECB00C1CD57 /* zootopic */;
			targetProxy = 6E77F8D826B9BECD00C1CD57 /* PBXContainerItemProxy */;
		};
		6E77F8E326B9BECD00C1CD57 /* PBXTargetDependency */ = {
			isa = PBXTargetDependency;
			target = 6E77F8BD26B9BECB00C1CD57 /* zootopic */;
			targetProxy = 6E77F8E226B9BECD00C1CD57 /* PBXContainerItemProxy */;
		};
/* End PBXTargetDependency section */

/* Begin PBXVariantGroup section */
		6E77F8C726B9BECB00C1CD57 /* Main.storyboard */ = {
			isa = PBXVariantGroup;
			children = (
				6E77F8C826B9BECB00C1CD57 /* Base */,
			);
			name = Main.storyboard;
			sourceTree = "<group>";
		};
		6E77F8CF26B9BECD00C1CD57 /* LaunchScreen.storyboard */ = {
			isa = PBXVariantGroup;
			children = (
				6E77F8D026B9BECD00C1CD57 /* Base */,
			);
			name = LaunchScreen.storyboard;
			sourceTree = "<group>";
		};
/* End PBXVariantGroup section */

/* Begin XCBuildConfiguration section */
		6E77F8E726B9BECD00C1CD57 /* Debug */ = {
			isa = XCBuildConfiguration;
			buildSettings = {
				ALWAYS_SEARCH_USER_PATHS = NO;
				CLANG_ANALYZER_NONNULL = YES;
				CLANG_ANALYZER_NUMBER_OBJECT_CONVERSION = YES_AGGRESSIVE;
				CLANG_CXX_LANGUAGE_STANDARD = "gnu++17";
				CLANG_CXX_LIBRARY = "libc++";
				CLANG_ENABLE_MODULES = YES;
				CLANG_ENABLE_OBJC_ARC = YES;
				CLANG_ENABLE_OBJC_WEAK = YES;
				CLANG_WARN_BLOCK_CAPTURE_AUTORELEASING = YES;
				CLANG_WARN_BOOL_CONVERSION = YES;
				CLANG_WARN_COMMA = YES;
				CLANG_WARN_CONSTANT_CONVERSION = YES;
				CLANG_WARN_DEPRECATED_OBJC_IMPLEMENTATIONS = YES;
				CLANG_WARN_DIRECT_OBJC_ISA_USAGE = YES_ERROR;
				CLANG_WARN_DOCUMENTATION_COMMENTS = YES;
				CLANG_WARN_EMPTY_BODY = YES;
				CLANG_WARN_ENUM_CONVERSION = YES;
				CLANG_WARN_INFINITE_RECURSION = YES;
				CLANG_WARN_INT_CONVERSION = YES;
				CLANG_WARN_NON_LITERAL_NULL_CONVERSION = YES;
				CLANG_WARN_OBJC_IMPLICIT_RETAIN_SELF = YES;
				CLANG_WARN_OBJC_LITERAL_CONVERSION = YES;
				CLANG_WARN_OBJC_ROOT_CLASS = YES_ERROR;
				CLANG_WARN_QUOTED_INCLUDE_IN_FRAMEWORK_HEADER = YES;
				CLANG_WARN_RANGE_LOOP_ANALYSIS = YES;
				CLANG_WARN_STRICT_PROTOTYPES = YES;
				CLANG_WARN_SUSPICIOUS_MOVE = YES;
				CLANG_WARN_UNGUARDED_AVAILABILITY = YES_AGGRESSIVE;
				CLANG_WARN_UNREACHABLE_CODE = YES;
				CLANG_WARN__DUPLICATE_METHOD_MATCH = YES;
				COPY_PHASE_STRIP = NO;
				DEBUG_INFORMATION_FORMAT = dwarf;
				ENABLE_STRICT_OBJC_MSGSEND = YES;
				ENABLE_TESTABILITY = YES;
				GCC_C_LANGUAGE_STANDARD = gnu11;
				GCC_DYNAMIC_NO_PIC = NO;
				GCC_NO_COMMON_BLOCKS = YES;
				GCC_OPTIMIZATION_LEVEL = 0;
				GCC_PREPROCESSOR_DEFINITIONS = (
					"DEBUG=1",
					"$(inherited)",
				);
				GCC_WARN_64_TO_32_BIT_CONVERSION = YES;
				GCC_WARN_ABOUT_RETURN_TYPE = YES_ERROR;
				GCC_WARN_UNDECLARED_SELECTOR = YES;
				GCC_WARN_UNINITIALIZED_AUTOS = YES_AGGRESSIVE;
				GCC_WARN_UNUSED_FUNCTION = YES;
				GCC_WARN_UNUSED_VARIABLE = YES;
				IPHONEOS_DEPLOYMENT_TARGET = 15.0;
				MTL_ENABLE_DEBUG_INFO = INCLUDE_SOURCE;
				MTL_FAST_MATH = YES;
				ONLY_ACTIVE_ARCH = YES;
				SDKROOT = iphoneos;
				SWIFT_ACTIVE_COMPILATION_CONDITIONS = DEBUG;
				SWIFT_OPTIMIZATION_LEVEL = "-Onone";
			};
			name = Debug;
		};
		6E77F8E826B9BECD00C1CD57 /* Release */ = {
			isa = XCBuildConfiguration;
			buildSettings = {
				ALWAYS_SEARCH_USER_PATHS = NO;
				CLANG_ANALYZER_NONNULL = YES;
				CLANG_ANALYZER_NUMBER_OBJECT_CONVERSION = YES_AGGRESSIVE;
				CLANG_CXX_LANGUAGE_STANDARD = "gnu++17";
				CLANG_CXX_LIBRARY = "libc++";
				CLANG_ENABLE_MODULES = YES;
				CLANG_ENABLE_OBJC_ARC = YES;
				CLANG_ENABLE_OBJC_WEAK = YES;
				CLANG_WARN_BLOCK_CAPTURE_AUTORELEASING = YES;
				CLANG_WARN_BOOL_CONVERSION = YES;
				CLANG_WARN_COMMA = YES;
				CLANG_WARN_CONSTANT_CONVERSION = YES;
				CLANG_WARN_DEPRECATED_OBJC_IMPLEMENTATIONS = YES;
				CLANG_WARN_DIRECT_OBJC_ISA_USAGE = YES_ERROR;
				CLANG_WARN_DOCUMENTATION_COMMENTS = YES;
				CLANG_WARN_EMPTY_BODY = YES;
				CLANG_WARN_ENUM_CONVERSION = YES;
				CLANG_WARN_INFINITE_RECURSION = YES;
				CLANG_WARN_INT_CONVERSION = YES;
				CLANG_WARN_NON_LITERAL_NULL_CONVERSION = YES;
				CLANG_WARN_OBJC_IMPLICIT_RETAIN_SELF = YES;
				CLANG_WARN_OBJC_LITERAL_CONVERSION = YES;
				CLANG_WARN_OBJC_ROOT_CLASS = YES_ERROR;
				CLANG_WARN_QUOTED_INCLUDE_IN_FRAMEWORK_HEADER = YES;
				CLANG_WARN_RANGE_LOOP_ANALYSIS = YES;
				CLANG_WARN_STRICT_PROTOTYPES = YES;
				CLANG_WARN_SUSPICIOUS_MOVE = YES;
				CLANG_WARN_UNGUARDED_AVAILABILITY = YES_AGGRESSIVE;
				CLANG_WARN_UNREACHABLE_CODE = YES;
				CLANG_WARN__DUPLICATE_METHOD_MATCH = YES;
				COPY_PHASE_STRIP = NO;
				DEBUG_INFORMATION_FORMAT = "dwarf-with-dsym";
				ENABLE_NS_ASSERTIONS = NO;
				ENABLE_STRICT_OBJC_MSGSEND = YES;
				GCC_C_LANGUAGE_STANDARD = gnu11;
				GCC_NO_COMMON_BLOCKS = YES;
				GCC_WARN_64_TO_32_BIT_CONVERSION = YES;
				GCC_WARN_ABOUT_RETURN_TYPE = YES_ERROR;
				GCC_WARN_UNDECLARED_SELECTOR = YES;
				GCC_WARN_UNINITIALIZED_AUTOS = YES_AGGRESSIVE;
				GCC_WARN_UNUSED_FUNCTION = YES;
				GCC_WARN_UNUSED_VARIABLE = YES;
				IPHONEOS_DEPLOYMENT_TARGET = 15.0;
				MTL_ENABLE_DEBUG_INFO = NO;
				MTL_FAST_MATH = YES;
				SDKROOT = iphoneos;
				SWIFT_COMPILATION_MODE = wholemodule;
				SWIFT_OPTIMIZATION_LEVEL = "-O";
				VALIDATE_PRODUCT = YES;
			};
			name = Release;
		};
		6E77F8EA26B9BECD00C1CD57 /* Debug */ = {
			isa = XCBuildConfiguration;
			buildSettings = {
				ASSETCATALOG_COMPILER_APPICON_NAME = AppIcon;
				ASSETCATALOG_COMPILER_GLOBAL_ACCENT_COLOR_NAME = AccentColor;
				CODE_SIGN_STYLE = Automatic;
				CURRENT_PROJECT_VERSION = 1;
				DEVELOPMENT_TEAM = 8BG4826CP6;
				GENERATE_INFOPLIST_FILE = YES;
				INFOPLIST_FILE = zootopic/Info.plist;
				INFOPLIST_KEY_UIApplicationSupportsIndirectInputEvents = YES;
				INFOPLIST_KEY_UILaunchStoryboardName = LaunchScreen;
				INFOPLIST_KEY_UIMainStoryboardFile = Main;
				INFOPLIST_KEY_UISupportedInterfaceOrientations_iPad = "UIInterfaceOrientationPortrait UIInterfaceOrientationPortraitUpsideDown UIInterfaceOrientationLandscapeLeft UIInterfaceOrientationLandscapeRight";
				INFOPLIST_KEY_UISupportedInterfaceOrientations_iPhone = "UIInterfaceOrientationPortrait UIInterfaceOrientationLandscapeLeft UIInterfaceOrientationLandscapeRight";
				LD_RUNPATH_SEARCH_PATHS = (
					"$(inherited)",
					"@executable_path/Frameworks",
				);
				MARKETING_VERSION = 1.0;
				PRODUCT_BUNDLE_IDENTIFIER = KWK.zootopic;
				PRODUCT_NAME = "$(TARGET_NAME)";
				SWIFT_EMIT_LOC_STRINGS = YES;
				SWIFT_VERSION = 5.0;
				TARGETED_DEVICE_FAMILY = "1,2";
			};
			name = Debug;
		};
		6E77F8EB26B9BECD00C1CD57 /* Release */ = {
			isa = XCBuildConfiguration;
			buildSettings = {
				ASSETCATALOG_COMPILER_APPICON_NAME = AppIcon;
				ASSETCATALOG_COMPILER_GLOBAL_ACCENT_COLOR_NAME = AccentColor;
				CODE_SIGN_STYLE = Automatic;
				CURRENT_PROJECT_VERSION = 1;
				DEVELOPMENT_TEAM = 8BG4826CP6;
				GENERATE_INFOPLIST_FILE = YES;
				INFOPLIST_FILE = zootopic/Info.plist;
				INFOPLIST_KEY_UIApplicationSupportsIndirectInputEvents = YES;
				INFOPLIST_KEY_UILaunchStoryboardName = LaunchScreen;
				INFOPLIST_KEY_UIMainStoryboardFile = Main;
				INFOPLIST_KEY_UISupportedInterfaceOrientations_iPad = "UIInterfaceOrientationPortrait UIInterfaceOrientationPortraitUpsideDown UIInterfaceOrientationLandscapeLeft UIInterfaceOrientationLandscapeRight";
				INFOPLIST_KEY_UISupportedInterfaceOrientations_iPhone = "UIInterfaceOrientationPortrait UIInterfaceOrientationLandscapeLeft UIInterfaceOrientationLandscapeRight";
				LD_RUNPATH_SEARCH_PATHS = (
					"$(inherited)",
					"@executable_path/Frameworks",
				);
				MARKETING_VERSION = 1.0;
				PRODUCT_BUNDLE_IDENTIFIER = KWK.zootopic;
				PRODUCT_NAME = "$(TARGET_NAME)";
				SWIFT_EMIT_LOC_STRINGS = YES;
				SWIFT_VERSION = 5.0;
				TARGETED_DEVICE_FAMILY = "1,2";
			};
			name = Release;
		};
		6E77F8ED26B9BECD00C1CD57 /* Debug */ = {
			isa = XCBuildConfiguration;
			buildSettings = {
				ALWAYS_EMBED_SWIFT_STANDARD_LIBRARIES = YES;
				BUNDLE_LOADER = "$(TEST_HOST)";
				CODE_SIGN_STYLE = Automatic;
				CURRENT_PROJECT_VERSION = 1;
				DEVELOPMENT_TEAM = 8BG4826CP6;
				GENERATE_INFOPLIST_FILE = YES;
				IPHONEOS_DEPLOYMENT_TARGET = 15.0;
				LD_RUNPATH_SEARCH_PATHS = (
					"$(inherited)",
					"@executable_path/Frameworks",
					"@loader_path/Frameworks",
				);
				MARKETING_VERSION = 1.0;
				PRODUCT_BUNDLE_IDENTIFIER = KWK.zootopicTests;
				PRODUCT_NAME = "$(TARGET_NAME)";
				SWIFT_EMIT_LOC_STRINGS = NO;
				SWIFT_VERSION = 5.0;
				TARGETED_DEVICE_FAMILY = "1,2";
				TEST_HOST = "$(BUILT_PRODUCTS_DIR)/zootopic.app/zootopic";
			};
			name = Debug;
		};
		6E77F8EE26B9BECD00C1CD57 /* Release */ = {
			isa = XCBuildConfiguration;
			buildSettings = {
				ALWAYS_EMBED_SWIFT_STANDARD_LIBRARIES = YES;
				BUNDLE_LOADER = "$(TEST_HOST)";
				CODE_SIGN_STYLE = Automatic;
				CURRENT_PROJECT_VERSION = 1;
				DEVELOPMENT_TEAM = 8BG4826CP6;
				GENERATE_INFOPLIST_FILE = YES;
				IPHONEOS_DEPLOYMENT_TARGET = 15.0;
				LD_RUNPATH_SEARCH_PATHS = (
					"$(inherited)",
					"@executable_path/Frameworks",
					"@loader_path/Frameworks",
				);
				MARKETING_VERSION = 1.0;
				PRODUCT_BUNDLE_IDENTIFIER = KWK.zootopicTests;
				PRODUCT_NAME = "$(TARGET_NAME)";
				SWIFT_EMIT_LOC_STRINGS = NO;
				SWIFT_VERSION = 5.0;
				TARGETED_DEVICE_FAMILY = "1,2";
				TEST_HOST = "$(BUILT_PRODUCTS_DIR)/zootopic.app/zootopic";
			};
			name = Release;
		};
		6E77F8F026B9BECD00C1CD57 /* Debug */ = {
			isa = XCBuildConfiguration;
			buildSettings = {
				ALWAYS_EMBED_SWIFT_STANDARD_LIBRARIES = YES;
				CODE_SIGN_STYLE = Automatic;
				CURRENT_PROJECT_VERSION = 1;
				DEVELOPMENT_TEAM = 8BG4826CP6;
				GENERATE_INFOPLIST_FILE = YES;
				LD_RUNPATH_SEARCH_PATHS = (
					"$(inherited)",
					"@executable_path/Frameworks",
					"@loader_path/Frameworks",
				);
				MARKETING_VERSION = 1.0;
				PRODUCT_BUNDLE_IDENTIFIER = KWK.zootopicUITests;
				PRODUCT_NAME = "$(TARGET_NAME)";
				SWIFT_EMIT_LOC_STRINGS = NO;
				SWIFT_VERSION = 5.0;
				TARGETED_DEVICE_FAMILY = "1,2";
				TEST_TARGET_NAME = zootopic;
			};
			name = Debug;
		};
		6E77F8F126B9BECD00C1CD57 /* Release */ = {
			isa = XCBuildConfiguration;
			buildSettings = {
				ALWAYS_EMBED_SWIFT_STANDARD_LIBRARIES = YES;
				CODE_SIGN_STYLE = Automatic;
				CURRENT_PROJECT_VERSION = 1;
				DEVELOPMENT_TEAM = 8BG4826CP6;
				GENERATE_INFOPLIST_FILE = YES;
				LD_RUNPATH_SEARCH_PATHS = (
					"$(inherited)",
					"@executable_path/Frameworks",
					"@loader_path/Frameworks",
				);
				MARKETING_VERSION = 1.0;
				PRODUCT_BUNDLE_IDENTIFIER = KWK.zootopicUITests;
				PRODUCT_NAME = "$(TARGET_NAME)";
				SWIFT_EMIT_LOC_STRINGS = NO;
				SWIFT_VERSION = 5.0;
				TARGETED_DEVICE_FAMILY = "1,2";
				TEST_TARGET_NAME = zootopic;
			};
			name = Release;
		};
/* End XCBuildConfiguration section */

/* Begin XCConfigurationList section */
		6E77F8B926B9BECB00C1CD57 /* Build configuration list for PBXProject "zootopic" */ = {
			isa = XCConfigurationList;
			buildConfigurations = (
				6E77F8E726B9BECD00C1CD57 /* Debug */,
				6E77F8E826B9BECD00C1CD57 /* Release */,
			);
			defaultConfigurationIsVisible = 0;
			defaultConfigurationName = Release;
		};
		6E77F8E926B9BECD00C1CD57 /* Build configuration list for PBXNativeTarget "zootopic" */ = {
			isa = XCConfigurationList;
			buildConfigurations = (
				6E77F8EA26B9BECD00C1CD57 /* Debug */,
				6E77F8EB26B9BECD00C1CD57 /* Release */,
			);
			defaultConfigurationIsVisible = 0;
			defaultConfigurationName = Release;
		};
		6E77F8EC26B9BECD00C1CD57 /* Build configuration list for PBXNativeTarget "zootopicTests" */ = {
			isa = XCConfigurationList;
			buildConfigurations = (
				6E77F8ED26B9BECD00C1CD57 /* Debug */,
				6E77F8EE26B9BECD00C1CD57 /* Release */,
			);
			defaultConfigurationIsVisible = 0;
			defaultConfigurationName = Release;
		};
		6E77F8EF26B9BECD00C1CD57 /* Build configuration list for PBXNativeTarget "zootopicUITests" */ = {
			isa = XCConfigurationList;
			buildConfigurations = (
				6E77F8F026B9BECD00C1CD57 /* Debug */,
				6E77F8F126B9BECD00C1CD57 /* Release */,
			);
			defaultConfigurationIsVisible = 0;
			defaultConfigurationName = Release;
		};
/* End XCConfigurationList section */

/* Begin XCVersionGroup section */
		6E77F8CA26B9BECB00C1CD57 /* zootopic.xcdatamodeld */ = {
			isa = XCVersionGroup;
			children = (
				6E77F8CB26B9BECB00C1CD57 /* zootopic.xcdatamodel */,
			);
			currentVersion = 6E77F8CB26B9BECB00C1CD57 /* zootopic.xcdatamodel */;
			path = zootopic.xcdatamodeld;
			sourceTree = "<group>";
			versionGroupType = wrapper.xcdatamodel;
		};
/* End XCVersionGroup section */
	};
	rootObject = 6E77F8B626B9BECB00C1CD57 /* Project object */;
}
